// !$*UTF8*$!
{
	archiveVersion = 1;
	classes = {
	};
	objectVersion = 48;
	objects = {

/* Begin PBXBuildFile section */
		2610EA304F28198A6B9A0876 /* Pods_RAC_demo.framework in Frameworks */ = {isa = PBXBuildFile; fileRef = 7D157B0D94A0FE4815852CE0 /* Pods_RAC_demo.framework */; };
		B50A2EAF1F872D9C00C8CE88 /* AppDelegate.m in Sources */ = {isa = PBXBuildFile; fileRef = B50A2EAE1F872D9C00C8CE88 /* AppDelegate.m */; };
		B50A2EB21F872D9C00C8CE88 /* ViewController.m in Sources */ = {isa = PBXBuildFile; fileRef = B50A2EB11F872D9C00C8CE88 /* ViewController.m */; };
		B50A2EB51F872D9C00C8CE88 /* Main.storyboard in Resources */ = {isa = PBXBuildFile; fileRef = B50A2EB31F872D9C00C8CE88 /* Main.storyboard */; };
		B50A2EB71F872D9C00C8CE88 /* Assets.xcassets in Resources */ = {isa = PBXBuildFile; fileRef = B50A2EB61F872D9C00C8CE88 /* Assets.xcassets */; };
		B50A2EBA1F872D9C00C8CE88 /* LaunchScreen.storyboard in Resources */ = {isa = PBXBuildFile; fileRef = B50A2EB81F872D9C00C8CE88 /* LaunchScreen.storyboard */; };
		B50A2EBD1F872D9C00C8CE88 /* main.m in Sources */ = {isa = PBXBuildFile; fileRef = B50A2EBC1F872D9C00C8CE88 /* main.m */; };
		B50A2EC71F872D9C00C8CE88 /* RAC_demoTests.m in Sources */ = {isa = PBXBuildFile; fileRef = B50A2EC61F872D9C00C8CE88 /* RAC_demoTests.m */; };
		B50A2ED21F872D9C00C8CE88 /* RAC_demoUITests.m in Sources */ = {isa = PBXBuildFile; fileRef = B50A2ED11F872D9C00C8CE88 /* RAC_demoUITests.m */; };
		B5C1CABE206A14CD00DCF0E1 /* XXQLoginViewController.m in Sources */ = {isa = PBXBuildFile; fileRef = B5C1CABD206A14CD00DCF0E1 /* XXQLoginViewController.m */; };
		B5C1CAC2206A150E00DCF0E1 /* VCViewModel.m in Sources */ = {isa = PBXBuildFile; fileRef = B5C1CAC1206A150E00DCF0E1 /* VCViewModel.m */; };
/* End PBXBuildFile section */

/* Begin PBXContainerItemProxy section */
		B50A2EC31F872D9C00C8CE88 /* PBXContainerItemProxy */ = {
			isa = PBXContainerItemProxy;
			containerPortal = B50A2EA21F872D9B00C8CE88 /* Project object */;
			proxyType = 1;
			remoteGlobalIDString = B50A2EA91F872D9C00C8CE88;
			remoteInfo = RAC_demo;
		};
		B50A2ECE1F872D9C00C8CE88 /* PBXContainerItemProxy */ = {
			isa = PBXContainerItemProxy;
			containerPortal = B50A2EA21F872D9B00C8CE88 /* Project object */;
			proxyType = 1;
			remoteGlobalIDString = B50A2EA91F872D9C00C8CE88;
			remoteInfo = RAC_demo;
		};
/* End PBXContainerItemProxy section */

/* Begin PBXFileReference section */
		11739CEADC9A5C1F869ACC40 /* Pods-RAC_demo.release.xcconfig */ = {isa = PBXFileReference; includeInIndex = 1; lastKnownFileType = text.xcconfig; name = "Pods-RAC_demo.release.xcconfig"; path = "Pods/Target Support Files/Pods-RAC_demo/Pods-RAC_demo.release.xcconfig"; sourceTree = "<group>"; };
		7D157B0D94A0FE4815852CE0 /* Pods_RAC_demo.framework */ = {isa = PBXFileReference; explicitFileType = wrapper.framework; includeInIndex = 0; path = Pods_RAC_demo.framework; sourceTree = BUILT_PRODUCTS_DIR; };
		B50A2EAA1F872D9C00C8CE88 /* RAC_demo.app */ = {isa = PBXFileReference; explicitFileType = wrapper.application; includeInIndex = 0; path = RAC_demo.app; sourceTree = BUILT_PRODUCTS_DIR; };
		B50A2EAD1F872D9C00C8CE88 /* AppDelegate.h */ = {isa = PBXFileReference; lastKnownFileType = sourcecode.c.h; path = AppDelegate.h; sourceTree = "<group>"; };
		B50A2EAE1F872D9C00C8CE88 /* AppDelegate.m */ = {isa = PBXFileReference; lastKnownFileType = sourcecode.c.objc; path = AppDelegate.m; sourceTree = "<group>"; };
		B50A2EB01F872D9C00C8CE88 /* ViewController.h */ = {isa = PBXFileReference; lastKnownFileType = sourcecode.c.h; path = ViewController.h; sourceTree = "<group>"; };
		B50A2EB11F872D9C00C8CE88 /* ViewController.m */ = {isa = PBXFileReference; lastKnownFileType = sourcecode.c.objc; path = ViewController.m; sourceTree = "<group>"; };
		B50A2EB41F872D9C00C8CE88 /* Base */ = {isa = PBXFileReference; lastKnownFileType = file.storyboard; name = Base; path = Base.lproj/Main.storyboard; sourceTree = "<group>"; };
		B50A2EB61F872D9C00C8CE88 /* Assets.xcassets */ = {isa = PBXFileReference; lastKnownFileType = folder.assetcatalog; path = Assets.xcassets; sourceTree = "<group>"; };
		B50A2EB91F872D9C00C8CE88 /* Base */ = {isa = PBXFileReference; lastKnownFileType = file.storyboard; name = Base; path = Base.lproj/LaunchScreen.storyboard; sourceTree = "<group>"; };
		B50A2EBB1F872D9C00C8CE88 /* Info.plist */ = {isa = PBXFileReference; lastKnownFileType = text.plist.xml; path = Info.plist; sourceTree = "<group>"; };
		B50A2EBC1F872D9C00C8CE88 /* main.m */ = {isa = PBXFileReference; lastKnownFileType = sourcecode.c.objc; path = main.m; sourceTree = "<group>"; };
		B50A2EC21F872D9C00C8CE88 /* RAC_demoTests.xctest */ = {isa = PBXFileReference; explicitFileType = wrapper.cfbundle; includeInIndex = 0; path = RAC_demoTests.xctest; sourceTree = BUILT_PRODUCTS_DIR; };
		B50A2EC61F872D9C00C8CE88 /* RAC_demoTests.m */ = {isa = PBXFileReference; lastKnownFileType = sourcecode.c.objc; path = RAC_demoTests.m; sourceTree = "<group>"; };
		B50A2EC81F872D9C00C8CE88 /* Info.plist */ = {isa = PBXFileReference; lastKnownFileType = text.plist.xml; path = Info.plist; sourceTree = "<group>"; };
		B50A2ECD1F872D9C00C8CE88 /* RAC_demoUITests.xctest */ = {isa = PBXFileReference; explicitFileType = wrapper.cfbundle; includeInIndex = 0; path = RAC_demoUITests.xctest; sourceTree = BUILT_PRODUCTS_DIR; };
		B50A2ED11F872D9C00C8CE88 /* RAC_demoUITests.m */ = {isa = PBXFileReference; lastKnownFileType = sourcecode.c.objc; path = RAC_demoUITests.m; sourceTree = "<group>"; };
		B50A2ED31F872D9C00C8CE88 /* Info.plist */ = {isa = PBXFileReference; lastKnownFileType = text.plist.xml; path = Info.plist; sourceTree = "<group>"; };
		B539F6EE2063B2300058E7B6 /* PrefixHeader.pch */ = {isa = PBXFileReference; lastKnownFileType = sourcecode.c.h; path = PrefixHeader.pch; sourceTree = "<group>"; };
		B5C1CABC206A14CD00DCF0E1 /* XXQLoginViewController.h */ = {isa = PBXFileReference; lastKnownFileType = sourcecode.c.h; path = XXQLoginViewController.h; sourceTree = "<group>"; };
		B5C1CABD206A14CD00DCF0E1 /* XXQLoginViewController.m */ = {isa = PBXFileReference; lastKnownFileType = sourcecode.c.objc; path = XXQLoginViewController.m; sourceTree = "<group>"; };
		B5C1CAC0206A150E00DCF0E1 /* VCViewModel.h */ = {isa = PBXFileReference; lastKnownFileType = sourcecode.c.h; path = VCViewModel.h; sourceTree = "<group>"; };
		B5C1CAC1206A150E00DCF0E1 /* VCViewModel.m */ = {isa = PBXFileReference; lastKnownFileType = sourcecode.c.objc; path = VCViewModel.m; sourceTree = "<group>"; };
		EFC63CF21D6DD7E3F4FBC1FA /* Pods-RAC_demo.debug.xcconfig */ = {isa = PBXFileReference; includeInIndex = 1; lastKnownFileType = text.xcconfig; name = "Pods-RAC_demo.debug.xcconfig"; path = "Pods/Target Support Files/Pods-RAC_demo/Pods-RAC_demo.debug.xcconfig"; sourceTree = "<group>"; };
/* End PBXFileReference section */

/* Begin PBXFrameworksBuildPhase section */
		B50A2EA71F872D9C00C8CE88 /* Frameworks */ = {
			isa = PBXFrameworksBuildPhase;
			buildActionMask = 2147483647;
			files = (
				2610EA304F28198A6B9A0876 /* Pods_RAC_demo.framework in Frameworks */,
			);
			runOnlyForDeploymentPostprocessing = 0;
		};
		B50A2EBF1F872D9C00C8CE88 /* Frameworks */ = {
			isa = PBXFrameworksBuildPhase;
			buildActionMask = 2147483647;
			files = (
			);
			runOnlyForDeploymentPostprocessing = 0;
		};
		B50A2ECA1F872D9C00C8CE88 /* Frameworks */ = {
			isa = PBXFrameworksBuildPhase;
			buildActionMask = 2147483647;
			files = (
			);
			runOnlyForDeploymentPostprocessing = 0;
		};
/* End PBXFrameworksBuildPhase section */

/* Begin PBXGroup section */
		226E06D26BDD43A5582981D8 /* Frameworks */ = {
			isa = PBXGroup;
			children = (
				7D157B0D94A0FE4815852CE0 /* Pods_RAC_demo.framework */,
			);
			name = Frameworks;
			sourceTree = "<group>";
		};
		B50A2EA11F872D9B00C8CE88 = {
			isa = PBXGroup;
			children = (
				B539F6EE2063B2300058E7B6 /* PrefixHeader.pch */,
				B50A2EAC1F872D9C00C8CE88 /* RAC_demo */,
				B50A2EC51F872D9C00C8CE88 /* RAC_demoTests */,
				B50A2ED01F872D9C00C8CE88 /* RAC_demoUITests */,
				B50A2EAB1F872D9C00C8CE88 /* Products */,
				B8F45EFD6BF4D6DD516CC10B /* Pods */,
				226E06D26BDD43A5582981D8 /* Frameworks */,
			);
			sourceTree = "<group>";
		};
		B50A2EAB1F872D9C00C8CE88 /* Products */ = {
			isa = PBXGroup;
			children = (
				B50A2EAA1F872D9C00C8CE88 /* RAC_demo.app */,
				B50A2EC21F872D9C00C8CE88 /* RAC_demoTests.xctest */,
				B50A2ECD1F872D9C00C8CE88 /* RAC_demoUITests.xctest */,
			);
			name = Products;
			sourceTree = "<group>";
		};
		B50A2EAC1F872D9C00C8CE88 /* RAC_demo */ = {
			isa = PBXGroup;
			children = (
				B5C1CABF206A14F900DCF0E1 /* ViewModel */,
				B50A2EAD1F872D9C00C8CE88 /* AppDelegate.h */,
				B50A2EAE1F872D9C00C8CE88 /* AppDelegate.m */,
				B50A2EB01F872D9C00C8CE88 /* ViewController.h */,
				B50A2EB11F872D9C00C8CE88 /* ViewController.m */,
				B5C1CABC206A14CD00DCF0E1 /* XXQLoginViewController.h */,
				B5C1CABD206A14CD00DCF0E1 /* XXQLoginViewController.m */,
				B50A2EB31F872D9C00C8CE88 /* Main.storyboard */,
				B50A2EB61F872D9C00C8CE88 /* Assets.xcassets */,
				B50A2EB81F872D9C00C8CE88 /* LaunchScreen.storyboard */,
				B50A2EBB1F872D9C00C8CE88 /* Info.plist */,
				B50A2EBC1F872D9C00C8CE88 /* main.m */,
			);
			path = RAC_demo;
			sourceTree = "<group>";
		};
		B50A2EC51F872D9C00C8CE88 /* RAC_demoTests */ = {
			isa = PBXGroup;
			children = (
				B50A2EC61F872D9C00C8CE88 /* RAC_demoTests.m */,
				B50A2EC81F872D9C00C8CE88 /* Info.plist */,
			);
			path = RAC_demoTests;
			sourceTree = "<group>";
		};
		B50A2ED01F872D9C00C8CE88 /* RAC_demoUITests */ = {
			isa = PBXGroup;
			children = (
				B50A2ED11F872D9C00C8CE88 /* RAC_demoUITests.m */,
				B50A2ED31F872D9C00C8CE88 /* Info.plist */,
			);
			path = RAC_demoUITests;
			sourceTree = "<group>";
		};
		B5C1CABF206A14F900DCF0E1 /* ViewModel */ = {
			isa = PBXGroup;
			children = (
				B5C1CAC0206A150E00DCF0E1 /* VCViewModel.h */,
				B5C1CAC1206A150E00DCF0E1 /* VCViewModel.m */,
			);
			path = ViewModel;
			sourceTree = "<group>";
		};
		B8F45EFD6BF4D6DD516CC10B /* Pods */ = {
			isa = PBXGroup;
			children = (
				EFC63CF21D6DD7E3F4FBC1FA /* Pods-RAC_demo.debug.xcconfig */,
				11739CEADC9A5C1F869ACC40 /* Pods-RAC_demo.release.xcconfig */,
			);
			name = Pods;
			sourceTree = "<group>";
		};
/* End PBXGroup section */

/* Begin PBXNativeTarget section */
		B50A2EA91F872D9C00C8CE88 /* RAC_demo */ = {
			isa = PBXNativeTarget;
			buildConfigurationList = B50A2ED61F872D9C00C8CE88 /* Build configuration list for PBXNativeTarget "RAC_demo" */;
			buildPhases = (
				ED1393E9332645FC69BF104F /* [CP] Check Pods Manifest.lock */,
				B50A2EA61F872D9C00C8CE88 /* Sources */,
				B50A2EA71F872D9C00C8CE88 /* Frameworks */,
				B50A2EA81F872D9C00C8CE88 /* Resources */,
				536D3C23C04E59B2AF6D1590 /* [CP] Embed Pods Frameworks */,
				7EF4BDDE28BF3C89BAD3AAA3 /* [CP] Copy Pods Resources */,
			);
			buildRules = (
			);
			dependencies = (
			);
			name = RAC_demo;
			productName = RAC_demo;
			productReference = B50A2EAA1F872D9C00C8CE88 /* RAC_demo.app */;
			productType = "com.apple.product-type.application";
		};
		B50A2EC11F872D9C00C8CE88 /* RAC_demoTests */ = {
			isa = PBXNativeTarget;
			buildConfigurationList = B50A2ED91F872D9C00C8CE88 /* Build configuration list for PBXNativeTarget "RAC_demoTests" */;
			buildPhases = (
				B50A2EBE1F872D9C00C8CE88 /* Sources */,
				B50A2EBF1F872D9C00C8CE88 /* Frameworks */,
				B50A2EC01F872D9C00C8CE88 /* Resources */,
			);
			buildRules = (
			);
			dependencies = (
				B50A2EC41F872D9C00C8CE88 /* PBXTargetDependency */,
			);
			name = RAC_demoTests;
			productName = RAC_demoTests;
			productReference = B50A2EC21F872D9C00C8CE88 /* RAC_demoTests.xctest */;
			productType = "com.apple.product-type.bundle.unit-test";
		};
		B50A2ECC1F872D9C00C8CE88 /* RAC_demoUITests */ = {
			isa = PBXNativeTarget;
			buildConfigurationList = B50A2EDC1F872D9C00C8CE88 /* Build configuration list for PBXNativeTarget "RAC_demoUITests" */;
			buildPhases = (
				B50A2EC91F872D9C00C8CE88 /* Sources */,
				B50A2ECA1F872D9C00C8CE88 /* Frameworks */,
				B50A2ECB1F872D9C00C8CE88 /* Resources */,
			);
			buildRules = (
			);
			dependencies = (
				B50A2ECF1F872D9C00C8CE88 /* PBXTargetDependency */,
			);
			name = RAC_demoUITests;
			productName = RAC_demoUITests;
			productReference = B50A2ECD1F872D9C00C8CE88 /* RAC_demoUITests.xctest */;
			productType = "com.apple.product-type.bundle.ui-testing";
		};
/* End PBXNativeTarget section */

/* Begin PBXProject section */
		B50A2EA21F872D9B00C8CE88 /* Project object */ = {
			isa = PBXProject;
			attributes = {
				LastUpgradeCheck = 0900;
				ORGANIZATIONNAME = qwe;
				TargetAttributes = {
					B50A2EA91F872D9C00C8CE88 = {
						CreatedOnToolsVersion = 9.0;
						ProvisioningStyle = Automatic;
					};
					B50A2EC11F872D9C00C8CE88 = {
						CreatedOnToolsVersion = 9.0;
						ProvisioningStyle = Automatic;
						TestTargetID = B50A2EA91F872D9C00C8CE88;
					};
					B50A2ECC1F872D9C00C8CE88 = {
						CreatedOnToolsVersion = 9.0;
						ProvisioningStyle = Automatic;
						TestTargetID = B50A2EA91F872D9C00C8CE88;
					};
				};
			};
			buildConfigurationList = B50A2EA51F872D9B00C8CE88 /* Build configuration list for PBXProject "RAC_demo" */;
			compatibilityVersion = "Xcode 8.0";
			developmentRegion = en;
			hasScannedForEncodings = 0;
			knownRegions = (
				en,
				Base,
			);
			mainGroup = B50A2EA11F872D9B00C8CE88;
			productRefGroup = B50A2EAB1F872D9C00C8CE88 /* Products */;
			projectDirPath = "";
			projectRoot = "";
			targets = (
				B50A2EA91F872D9C00C8CE88 /* RAC_demo */,
				B50A2EC11F872D9C00C8CE88 /* RAC_demoTests */,
				B50A2ECC1F872D9C00C8CE88 /* RAC_demoUITests */,
			);
		};
/* End PBXProject section */

/* Begin PBXResourcesBuildPhase section */
		B50A2EA81F872D9C00C8CE88 /* Resources */ = {
			isa = PBXResourcesBuildPhase;
			buildActionMask = 2147483647;
			files = (
				B50A2EBA1F872D9C00C8CE88 /* LaunchScreen.storyboard in Resources */,
				B50A2EB71F872D9C00C8CE88 /* Assets.xcassets in Resources */,
				B50A2EB51F872D9C00C8CE88 /* Main.storyboard in Resources */,
			);
			runOnlyForDeploymentPostprocessing = 0;
		};
		B50A2EC01F872D9C00C8CE88 /* Resources */ = {
			isa = PBXResourcesBuildPhase;
			buildActionMask = 2147483647;
			files = (
			);
			runOnlyForDeploymentPostprocessing = 0;
		};
		B50A2ECB1F872D9C00C8CE88 /* Resources */ = {
			isa = PBXResourcesBuildPhase;
			buildActionMask = 2147483647;
			files = (
			);
			runOnlyForDeploymentPostprocessing = 0;
		};
/* End PBXResourcesBuildPhase section */

/* Begin PBXShellScriptBuildPhase section */
		536D3C23C04E59B2AF6D1590 /* [CP] Embed Pods Frameworks */ = {
			isa = PBXShellScriptBuildPhase;
			buildActionMask = 2147483647;
			files = (
			);
			inputPaths = (
				"${SRCROOT}/Pods/Target Support Files/Pods-RAC_demo/Pods-RAC_demo-frameworks.sh",
				"${BUILT_PRODUCTS_DIR}/ReactiveCocoa/ReactiveCocoa.framework",
			);
			name = "[CP] Embed Pods Frameworks";
			outputPaths = (
				"${TARGET_BUILD_DIR}/${FRAMEWORKS_FOLDER_PATH}/ReactiveCocoa.framework",
			);
			runOnlyForDeploymentPostprocessing = 0;
			shellPath = /bin/sh;
			shellScript = "\"${SRCROOT}/Pods/Target Support Files/Pods-RAC_demo/Pods-RAC_demo-frameworks.sh\"\n";
			showEnvVarsInLog = 0;
		};
		7EF4BDDE28BF3C89BAD3AAA3 /* [CP] Copy Pods Resources */ = {
			isa = PBXShellScriptBuildPhase;
			buildActionMask = 2147483647;
			files = (
			);
			inputPaths = (
			);
			name = "[CP] Copy Pods Resources";
			outputPaths = (
			);
			runOnlyForDeploymentPostprocessing = 0;
			shellPath = /bin/sh;
			shellScript = "\"${SRCROOT}/Pods/Target Support Files/Pods-RAC_demo/Pods-RAC_demo-resources.sh\"\n";
			showEnvVarsInLog = 0;
		};
		ED1393E9332645FC69BF104F /* [CP] Check Pods Manifest.lock */ = {
			isa = PBXShellScriptBuildPhase;
			buildActionMask = 2147483647;
			files = (
			);
			inputPaths = (
				"${PODS_PODFILE_DIR_PATH}/Podfile.lock",
				"${PODS_ROOT}/Manifest.lock",
			);
			name = "[CP] Check Pods Manifest.lock";
			outputPaths = (
				"$(DERIVED_FILE_DIR)/Pods-RAC_demo-checkManifestLockResult.txt",
			);
			runOnlyForDeploymentPostprocessing = 0;
			shellPath = /bin/sh;
			shellScript = "diff \"${PODS_PODFILE_DIR_PATH}/Podfile.lock\" \"${PODS_ROOT}/Manifest.lock\" > /dev/null\nif [ $? != 0 ] ; then\n    # print error to STDERR\n    echo \"error: The sandbox is not in sync with the Podfile.lock. Run 'pod install' or update your CocoaPods installation.\" >&2\n    exit 1\nfi\n# This output is used by Xcode 'outputs' to avoid re-running this script phase.\necho \"SUCCESS\" > \"${SCRIPT_OUTPUT_FILE_0}\"\n";
			showEnvVarsInLog = 0;
		};
/* End PBXShellScriptBuildPhase section */

/* Begin PBXSourcesBuildPhase section */
		B50A2EA61F872D9C00C8CE88 /* Sources */ = {
			isa = PBXSourcesBuildPhase;
			buildActionMask = 2147483647;
			files = (
				B5C1CAC2206A150E00DCF0E1 /* VCViewModel.m in Sources */,
				B5C1CABE206A14CD00DCF0E1 /* XXQLoginViewController.m in Sources */,
				B50A2EB21F872D9C00C8CE88 /* ViewController.m in Sources */,
				B50A2EBD1F872D9C00C8CE88 /* main.m in Sources */,
				B50A2EAF1F872D9C00C8CE88 /* AppDelegate.m in Sources */,
			);
			runOnlyForDeploymentPostprocessing = 0;
		};
		B50A2EBE1F872D9C00C8CE88 /* Sources */ = {
			isa = PBXSourcesBuildPhase;
			buildActionMask = 2147483647;
			files = (
				B50A2EC71F872D9C00C8CE88 /* RAC_demoTests.m in Sources */,
			);
			runOnlyForDeploymentPostprocessing = 0;
		};
		B50A2EC91F872D9C00C8CE88 /* Sources */ = {
			isa = PBXSourcesBuildPhase;
			buildActionMask = 2147483647;
			files = (
				B50A2ED21F872D9C00C8CE88 /* RAC_demoUITests.m in Sources */,
			);
			runOnlyForDeploymentPostprocessing = 0;
		};
/* End PBXSourcesBuildPhase section */

/* Begin PBXTargetDependency section */
		B50A2EC41F872D9C00C8CE88 /* PBXTargetDependency */ = {
			isa = PBXTargetDependency;
			target = B50A2EA91F872D9C00C8CE88 /* RAC_demo */;
			targetProxy = B50A2EC31F872D9C00C8CE88 /* PBXContainerItemProxy */;
		};
		B50A2ECF1F872D9C00C8CE88 /* PBXTargetDependency */ = {
			isa = PBXTargetDependency;
			target = B50A2EA91F872D9C00C8CE88 /* RAC_demo */;
			targetProxy = B50A2ECE1F872D9C00C8CE88 /* PBXContainerItemProxy */;
		};
/* End PBXTargetDependency section */

/* Begin PBXVariantGroup section */
		B50A2EB31F872D9C00C8CE88 /* Main.storyboard */ = {
			isa = PBXVariantGroup;
			children = (
				B50A2EB41F872D9C00C8CE88 /* Base */,
			);
			name = Main.storyboard;
			sourceTree = "<group>";
		};
		B50A2EB81F872D9C00C8CE88 /* LaunchScreen.storyboard */ = {
			isa = PBXVariantGroup;
			children = (
				B50A2EB91F872D9C00C8CE88 /* Base */,
			);
			name = LaunchScreen.storyboard;
			sourceTree = "<group>";
		};
/* End PBXVariantGroup section */

/* Begin XCBuildConfiguration section */
		B50A2ED41F872D9C00C8CE88 /* Debug */ = {
			isa = XCBuildConfiguration;
			baseConfigurationReference = EFC63CF21D6DD7E3F4FBC1FA /* Pods-RAC_demo.debug.xcconfig */;
			buildSettings = {
				ALWAYS_SEARCH_USER_PATHS = NO;
				CLANG_ANALYZER_NONNULL = YES;
				CLANG_ANALYZER_NUMBER_OBJECT_CONVERSION = YES_AGGRESSIVE;
				CLANG_CXX_LANGUAGE_STANDARD = "gnu++14";
				CLANG_CXX_LIBRARY = "libc++";
				CLANG_ENABLE_MODULES = YES;
				CLANG_ENABLE_OBJC_ARC = YES;
				CLANG_WARN_BLOCK_CAPTURE_AUTORELEASING = YES;
				CLANG_WARN_BOOL_CONVERSION = YES;
				CLANG_WARN_COMMA = YES;
				CLANG_WARN_CONSTANT_CONVERSION = YES;
				CLANG_WARN_DIRECT_OBJC_ISA_USAGE = YES_ERROR;
				CLANG_WARN_DOCUMENTATION_COMMENTS = YES;
				CLANG_WARN_EMPTY_BODY = YES;
				CLANG_WARN_ENUM_CONVERSION = YES;
				CLANG_WARN_INFINITE_RECURSION = YES;
				CLANG_WARN_INT_CONVERSION = YES;
				CLANG_WARN_NON_LITERAL_NULL_CONVERSION = YES;
				CLANG_WARN_OBJC_LITERAL_CONVERSION = YES;
				CLANG_WARN_OBJC_ROOT_CLASS = YES_ERROR;
				CLANG_WARN_RANGE_LOOP_ANALYSIS = YES;
				CLANG_WARN_STRICT_PROTOTYPES = YES;
				CLANG_WARN_SUSPICIOUS_MOVE = YES;
				CLANG_WARN_UNGUARDED_AVAILABILITY = YES_AGGRESSIVE;
				CLANG_WARN_UNREACHABLE_CODE = YES;
				CLANG_WARN__DUPLICATE_METHOD_MATCH = YES;
				CODE_SIGN_IDENTITY = "iPhone Developer";
				COPY_PHASE_STRIP = NO;
				DEBUG_INFORMATION_FORMAT = dwarf;
				ENABLE_STRICT_OBJC_MSGSEND = YES;
				ENABLE_TESTABILITY = YES;
				GCC_C_LANGUAGE_STANDARD = gnu11;
				GCC_DYNAMIC_NO_PIC = NO;
				GCC_NO_COMMON_BLOCKS = YES;
				GCC_OPTIMIZATION_LEVEL = 0;
				GCC_PREPROCESSOR_DEFINITIONS = (
					"DEBUG=1",
					"$(inherited)",
				);
				GCC_WARN_64_TO_32_BIT_CONVERSION = YES;
				GCC_WARN_ABOUT_RETURN_TYPE = YES_ERROR;
				GCC_WARN_UNDECLARED_SELECTOR = YES;
				GCC_WARN_UNINITIALIZED_AUTOS = YES_AGGRESSIVE;
				GCC_WARN_UNUSED_FUNCTION = YES;
				GCC_WARN_UNUSED_VARIABLE = YES;
				IPHONEOS_DEPLOYMENT_TARGET = 11.0;
				MTL_ENABLE_DEBUG_INFO = YES;
				ONLY_ACTIVE_ARCH = YES;
				SDKROOT = iphoneos;
			};
			name = Debug;
		};
		B50A2ED51F872D9C00C8CE88 /* Release */ = {
			isa = XCBuildConfiguration;
			baseConfigurationReference = 11739CEADC9A5C1F869ACC40 /* Pods-RAC_demo.release.xcconfig */;
			buildSettings = {
				ALWAYS_SEARCH_USER_PATHS = NO;
				CLANG_ANALYZER_NONNULL = YES;
				CLANG_ANALYZER_NUMBER_OBJECT_CONVERSION = YES_AGGRESSIVE;
				CLANG_CXX_LANGUAGE_STANDARD = "gnu++14";
				CLANG_CXX_LIBRARY = "libc++";
				CLANG_ENABLE_MODULES = YES;
				CLANG_ENABLE_OBJC_ARC = YES;
				CLANG_WARN_BLOCK_CAPTURE_AUTORELEASING = YES;
				CLANG_WARN_BOOL_CONVERSION = YES;
				CLANG_WARN_COMMA = YES;
				CLANG_WARN_CONSTANT_CONVERSION = YES;
				CLANG_WARN_DIRECT_OBJC_ISA_USAGE = YES_ERROR;
				CLANG_WARN_DOCUMENTATION_COMMENTS = YES;
				CLANG_WARN_EMPTY_BODY = YES;
				CLANG_WARN_ENUM_CONVERSION = YES;
				CLANG_WARN_INFINITE_RECURSION = YES;
				CLANG_WARN_INT_CONVERSION = YES;
				CLANG_WARN_NON_LITERAL_NULL_CONVERSION = YES;
				CLANG_WARN_OBJC_LITERAL_CONVERSION = YES;
				CLANG_WARN_OBJC_ROOT_CLASS = YES_ERROR;
				CLANG_WARN_RANGE_LOOP_ANALYSIS = YES;
				CLANG_WARN_STRICT_PROTOTYPES = YES;
				CLANG_WARN_SUSPICIOUS_MOVE = YES;
				CLANG_WARN_UNGUARDED_AVAILABILITY = YES_AGGRESSIVE;
				CLANG_WARN_UNREACHABLE_CODE = YES;
				CLANG_WARN__DUPLICATE_METHOD_MATCH = YES;
				CODE_SIGN_IDENTITY = "iPhone Developer";
				COPY_PHASE_STRIP = NO;
				DEBUG_INFORMATION_FORMAT = "dwarf-with-dsym";
				ENABLE_NS_ASSERTIONS = NO;
				ENABLE_STRICT_OBJC_MSGSEND = YES;
				GCC_C_LANGUAGE_STANDARD = gnu11;
				GCC_NO_COMMON_BLOCKS = YES;
				GCC_WARN_64_TO_32_BIT_CONVERSION = YES;
				GCC_WARN_ABOUT_RETURN_TYPE = YES_ERROR;
				GCC_WARN_UNDECLARED_SELECTOR = YES;
				GCC_WARN_UNINITIALIZED_AUTOS = YES_AGGRESSIVE;
				GCC_WARN_UNUSED_FUNCTION = YES;
				GCC_WARN_UNUSED_VARIABLE = YES;
				IPHONEOS_DEPLOYMENT_TARGET = 11.0;
				MTL_ENABLE_DEBUG_INFO = NO;
				SDKROOT = iphoneos;
				VALIDATE_PRODUCT = YES;
			};
			name = Release;
		};
		B50A2ED71F872D9C00C8CE88 /* Debug */ = {
			isa = XCBuildConfiguration;
			baseConfigurationReference = EFC63CF21D6DD7E3F4FBC1FA /* Pods-RAC_demo.debug.xcconfig */;
			buildSettings = {
				ASSETCATALOG_COMPILER_APPICON_NAME = AppIcon;
				CODE_SIGN_STYLE = Automatic;
				DEVELOPMENT_TEAM = 3DZEF4G7P9;
				GCC_PREFIX_HEADER = "/Users/admin/Documents/XXQ_个人文件/ReactiveCocoa/PrefixHeader.pch";
				HEADER_SEARCH_PATHS = "";
				INFOPLIST_FILE = RAC_demo/Info.plist;
				LD_RUNPATH_SEARCH_PATHS = "$(inherited) @executable_path/Frameworks";
				PRODUCT_BUNDLE_IDENTIFIER = "xiangquan-xia.RAC-demo";
				PRODUCT_NAME = "$(TARGET_NAME)";
				TARGETED_DEVICE_FAMILY = "1,2";
			};
			name = Debug;
		};
		B50A2ED81F872D9C00C8CE88 /* Release */ = {
			isa = XCBuildConfiguration;
			baseConfigurationReference = 11739CEADC9A5C1F869ACC40 /* Pods-RAC_demo.release.xcconfig */;
			buildSettings = {
				ASSETCATALOG_COMPILER_APPICON_NAME = AppIcon;
				CODE_SIGN_STYLE = Automatic;
				DEVELOPMENT_TEAM = 3DZEF4G7P9;
				GCC_PREFIX_HEADER = "/Users/admin/Documents/XXQ_个人文件/ReactiveCocoa/PrefixHeader.pch";
				HEADER_SEARCH_PATHS = "";
				INFOPLIST_FILE = RAC_demo/Info.plist;
				LD_RUNPATH_SEARCH_PATHS = "$(inherited) @executable_path/Frameworks";
				PRODUCT_BUNDLE_IDENTIFIER = "xiangquan-xia.RAC-demo";
				PRODUCT_NAME = "$(TARGET_NAME)";
				TARGETED_DEVICE_FAMILY = "1,2";
			};
			name = Release;
		};
		B50A2EDA1F872D9C00C8CE88 /* Debug */ = {
			isa = XCBuildConfiguration;
			buildSettings = {
				BUNDLE_LOADER = "$(TEST_HOST)";
				CODE_SIGN_STYLE = Automatic;
				DEVELOPMENT_TEAM = 3DZEF4G7P9;
				GCC_PREFIX_HEADER = "/Users/admin/Documents/XXQ_个人文件/ReactiveCocoa/PrefixHeader.pch";
				INFOPLIST_FILE = RAC_demoTests/Info.plist;
				LD_RUNPATH_SEARCH_PATHS = "$(inherited) @executable_path/Frameworks @loader_path/Frameworks";
				PRODUCT_BUNDLE_IDENTIFIER = "xiangquan-xia.RAC-demoTests";
				PRODUCT_NAME = "$(TARGET_NAME)";
				TARGETED_DEVICE_FAMILY = "1,2";
				TEST_HOST = "$(BUILT_PRODUCTS_DIR)/RAC_demo.app/RAC_demo";
			};
			name = Debug;
		};
		B50A2EDB1F872D9C00C8CE88 /* Release */ = {
			isa = XCBuildConfiguration;
			buildSettings = {
				BUNDLE_LOADER = "$(TEST_HOST)";
				CODE_SIGN_STYLE = Automatic;
				DEVELOPMENT_TEAM = 3DZEF4G7P9;
				GCC_PREFIX_HEADER = "/Users/admin/Documents/XXQ_个人文件/ReactiveCocoa/PrefixHeader.pch";
				INFOPLIST_FILE = RAC_demoTests/Info.plist;
				LD_RUNPATH_SEARCH_PATHS = "$(inherited) @executable_path/Frameworks @loader_path/Frameworks";
				PRODUCT_BUNDLE_IDENTIFIER = "xiangquan-xia.RAC-demoTests";
				PRODUCT_NAME = "$(TARGET_NAME)";
				TARGETED_DEVICE_FAMILY = "1,2";
				TEST_HOST = "$(BUILT_PRODUCTS_DIR)/RAC_demo.app/RAC_demo";
			};
			name = Release;
		};
		B50A2EDD1F872D9C00C8CE88 /* Debug */ = {
			isa = XCBuildConfiguration;
			buildSettings = {
				CODE_SIGN_STYLE = Automatic;
				DEVELOPMENT_TEAM = 3DZEF4G7P9;
				INFOPLIST_FILE = RAC_demoUITests/Info.plist;
				LD_RUNPATH_SEARCH_PATHS = "$(inherited) @executable_path/Frameworks @loader_path/Frameworks";
				PRODUCT_BUNDLE_IDENTIFIER = "xiangquan-xia.RAC-demoUITests";
				PRODUCT_NAME = "$(TARGET_NAME)";
				TARGETED_DEVICE_FAMILY = "1,2";
				TEST_TARGET_NAME = RAC_demo;
			};
			name = Debug;
		};
		B50A2EDE1F872D9C00C8CE88 /* Release */ = {
			isa = XCBuildConfiguration;
			buildSettings = {
				CODE_SIGN_STYLE = Automatic;
				DEVELOPMENT_TEAM = 3DZEF4G7P9;
				INFOPLIST_FILE = RAC_demoUITests/Info.plist;
				LD_RUNPATH_SEARCH_PATHS = "$(inherited) @executable_path/Frameworks @loader_path/Frameworks";
				PRODUCT_BUNDLE_IDENTIFIER = "xiangquan-xia.RAC-demoUITests";
				PRODUCT_NAME = "$(TARGET_NAME)";
				TARGETED_DEVICE_FAMILY = "1,2";
				TEST_TARGET_NAME = RAC_demo;
			};
			name = Release;
		};
/* End XCBuildConfiguration section */

/* Begin XCConfigurationList section */
		B50A2EA51F872D9B00C8CE88 /* Build configuration list for PBXProject "RAC_demo" */ = {
			isa = XCConfigurationList;
			buildConfigurations = (
				B50A2ED41F872D9C00C8CE88 /* Debug */,
				B50A2ED51F872D9C00C8CE88 /* Release */,
			);
			defaultConfigurationIsVisible = 0;
			defaultConfigurationName = Release;
		};
		B50A2ED61F872D9C00C8CE88 /* Build configuration list for PBXNativeTarget "RAC_demo" */ = {
			isa = XCConfigurationList;
			buildConfigurations = (
				B50A2ED71F872D9C00C8CE88 /* Debug */,
				B50A2ED81F872D9C00C8CE88 /* Release */,
			);
			defaultConfigurationIsVisible = 0;
			defaultConfigurationName = Release;
		};
		B50A2ED91F872D9C00C8CE88 /* Build configuration list for PBXNativeTarget "RAC_demoTests" */ = {
			isa = XCConfigurationList;
			buildConfigurations = (
				B50A2EDA1F872D9C00C8CE88 /* Debug */,
				B50A2EDB1F872D9C00C8CE88 /* Release */,
			);
			defaultConfigurationIsVisible = 0;
			defaultConfigurationName = Release;
		};
		B50A2EDC1F872D9C00C8CE88 /* Build configuration list for PBXNativeTarget "RAC_demoUITests" */ = {
			isa = XCConfigurationList;
			buildConfigurations = (
				B50A2EDD1F872D9C00C8CE88 /* Debug */,
				B50A2EDE1F872D9C00C8CE88 /* Release */,
			);
			defaultConfigurationIsVisible = 0;
			defaultConfigurationName = Release;
		};
/* End XCConfigurationList section */
	};
	rootObject = B50A2EA21F872D9B00C8CE88 /* Project object */;
}
